<?xml version="1.0" encoding="utf-8"?>
<Project ToolsVersion="4.0" xmlns="http://schemas.microsoft.com/developer/msbuild/2003">
  <ItemGroup>
    <Filter Include="base">
      <UniqueIdentifier>{033ee04b-ed8a-415f-ab16-2f493f92d47a}</UniqueIdentifier>
    </Filter>
    <Filter Include="day1">
      <UniqueIdentifier>{23011bff-92e0-46a9-848c-1f3eed8a0a94}</UniqueIdentifier>
    </Filter>
    <Filter Include="day2">
      <UniqueIdentifier>{f55732d8-b361-4339-83e9-054f2a995f2e}</UniqueIdentifier>
    </Filter>
    <Filter Include="day3">
      <UniqueIdentifier>{8e87a689-eee7-4718-8dec-b59e5eb58a03}</UniqueIdentifier>
    </Filter>
    <Filter Include="day4">
      <UniqueIdentifier>{b17a4e61-8736-4a63-9ac1-5bb094608d03}</UniqueIdentifier>
    </Filter>
    <Filter Include="day5">
      <UniqueIdentifier>{af23ea17-f697-406a-b0db-59b304f9cc68}</UniqueIdentifier>
    </Filter>
    <Filter Include="day6">
      <UniqueIdentifier>{441bb510-8054-43e2-97e6-1be901ede7f6}</UniqueIdentifier>
    </Filter>
    <Filter Include="day7">
      <UniqueIdentifier>{3bfb1535-369b-4e75-bba9-1d75111a6508}</UniqueIdentifier>
    </Filter>
    <Filter Include="day8">
      <UniqueIdentifier>{b7b8f4dc-ed15-4807-a99e-a2c6212110e1}</UniqueIdentifier>
    </Filter>
    <Filter Include="day9">
      <UniqueIdentifier>{807fd172-4a71-4714-997b-5ca16289ef4b}</UniqueIdentifier>
    </Filter>
    <Filter Include="day10">
      <UniqueIdentifier>{d34d650f-d3b7-498e-bb8e-a3c92ec86733}</UniqueIdentifier>
    </Filter>
    <Filter Include="day11">
      <UniqueIdentifier>{65d848c2-8f43-4bcf-9b08-c046b03b451c}</UniqueIdentifier>
    </Filter>
    <Filter Include="common">
      <UniqueIdentifier>{b9cd61a1-26b7-4d24-862c-bfceec180a78}</UniqueIdentifier>
    </Filter>
    <Filter Include="day12">
      <UniqueIdentifier>{cd707494-d9fb-406e-86cc-74dfbfffe92b}</UniqueIdentifier>
    </Filter>
    <Filter Include="day13">
      <UniqueIdentifier>{dde0f6b3-b994-4a56-8921-63f9596cfaab}</UniqueIdentifier>
    </Filter>
    <Filter Include="day14">
      <UniqueIdentifier>{fa8140ce-6e3f-4ed9-a5ab-f5859dbdcde7}</UniqueIdentifier>
    </Filter>
    <Filter Include="day15">
      <UniqueIdentifier>{7215c9c2-679a-4b57-8e2b-8267b23f6bc7}</UniqueIdentifier>
    </Filter>
    <Filter Include="day16">
      <UniqueIdentifier>{bc53958c-aca0-4a62-8134-754ad9998435}</UniqueIdentifier>
    </Filter>
    <Filter Include="day17">
      <UniqueIdentifier>{e7259ddf-37f4-464e-9b34-2373e7f5036d}</UniqueIdentifier>
    </Filter>
  </ItemGroup>
  <ItemGroup>
    <ClInclude Include="base\AOCSolution.h">
      <Filter>base</Filter>
    </ClInclude>
    <ClInclude Include="day1\day1.h">
      <Filter>day1</Filter>
    </ClInclude>
    <ClInclude Include="day2\day2.h">
      <Filter>day2</Filter>
    </ClInclude>
    <ClInclude Include="day3\day3.h">
      <Filter>day3</Filter>
    </ClInclude>
    <ClInclude Include="day4\day4.h">
      <Filter>day4</Filter>
    </ClInclude>
    <ClInclude Include="day5\day5.h">
      <Filter>day5</Filter>
    </ClInclude>
    <ClInclude Include="day6\day6.h">
      <Filter>day6</Filter>
    </ClInclude>
    <ClInclude Include="day6\Grid.h">
      <Filter>day6</Filter>
    </ClInclude>
    <ClInclude Include="day6\Point.h">
      <Filter>day6</Filter>
    </ClInclude>
    <ClInclude Include="day7\day7.h">
      <Filter>day7</Filter>
    </ClInclude>
    <ClInclude Include="day8\day8.h">
      <Filter>day8</Filter>
    </ClInclude>
    <ClInclude Include="day8\Tree.h">
      <Filter>day8</Filter>
    </ClInclude>
    <ClInclude Include="day9\day9.h">
      <Filter>day9</Filter>
    </ClInclude>
    <ClInclude Include="day9\Board.h">
      <Filter>day9</Filter>
    </ClInclude>
    <ClInclude Include="day10\day10.h">
      <Filter>day10</Filter>
    </ClInclude>
    <ClInclude Include="day11\day11.h">
      <Filter>day11</Filter>
    </ClInclude>
    <ClInclude Include="day11\Grid.h">
      <Filter>day11</Filter>
    </ClInclude>
    <ClInclude Include="common\Vec2.h">
      <Filter>common</Filter>
    </ClInclude>
    <ClInclude Include="day12\day12.h">
      <Filter>day12</Filter>
    </ClInclude>
    <ClInclude Include="day12\Rule.h">
      <Filter>day12</Filter>
    </ClInclude>
    <ClInclude Include="day12\State.h">
      <Filter>day12</Filter>
    </ClInclude>
    <ClInclude Include="common\StringUtil.h">
      <Filter>common</Filter>
    </ClInclude>
    <ClInclude Include="day12\Value.h">
      <Filter>day12</Filter>
    </ClInclude>
    <ClInclude Include="day13\day13.h">
      <Filter>day13</Filter>
    </ClInclude>
    <ClInclude Include="day13\Car.h">
      <Filter>day13</Filter>
    </ClInclude>
    <ClInclude Include="day13\Cell.h">
      <Filter>day13</Filter>
    </ClInclude>
    <ClInclude Include="day13\Tracks.h">
      <Filter>day13</Filter>
    </ClInclude>
    <ClInclude Include="day14\day14.h">
      <Filter>day14</Filter>
    </ClInclude>
    <ClInclude Include="day14\Recipes.h">
      <Filter>day14</Filter>
    </ClInclude>
    <ClInclude Include="day15\day15.h">
      <Filter>day15</Filter>
    </ClInclude>
    <ClInclude Include="day15\Actor.h">
      <Filter>day15</Filter>
    </ClInclude>
    <ClInclude Include="day15\Combat.h">
      <Filter>day15</Filter>
    </ClInclude>
    <ClInclude Include="day15\Tile.h">
      <Filter>day15</Filter>
    </ClInclude>
    <ClInclude Include="day15\RO.h">
      <Filter>day15</Filter>
    </ClInclude>
    <ClInclude Include="common\Test.h">
      <Filter>common</Filter>
    </ClInclude>
    <ClInclude Include="day16\day16.h">
      <Filter>day16</Filter>
    </ClInclude>
    <ClInclude Include="day16\Instruction.h">
      <Filter>day16</Filter>
    </ClInclude>
    <ClInclude Include="day16\Registers.h">
      <Filter>day16</Filter>
    </ClInclude>
    <ClInclude Include="day16\CPU.h">
      <Filter>day16</Filter>
    </ClInclude>
    <ClInclude Include="day16\Opcode.h">
      <Filter>day16</Filter>
    </ClInclude>
    <ClInclude Include="day17\day17.h">
      <Filter>day17</Filter>
    </ClInclude>
    <ClInclude Include="day17\Terrain.h">
      <Filter>day17</Filter>
    </ClInclude>
  </ItemGroup>
  <ItemGroup>
    <ClCompile Include="advent-of-code-2018-cpp.cpp" />
    <ClCompile Include="base\AOCSolution.cpp">
      <Filter>base</Filter>
    </ClCompile>
    <ClCompile Include="day1\day1.cpp">
      <Filter>day1</Filter>
    </ClCompile>
    <ClCompile Include="day2\day2.cpp">
      <Filter>day2</Filter>
    </ClCompile>
    <ClCompile Include="day3\day3.cpp">
      <Filter>day3</Filter>
    </ClCompile>
    <ClCompile Include="day4\day4.cpp">
      <Filter>day4</Filter>
    </ClCompile>
    <ClCompile Include="day5\day5.cpp">
      <Filter>day5</Filter>
    </ClCompile>
    <ClCompile Include="day6\day6.cpp">
      <Filter>day6</Filter>
    </ClCompile>
    <ClCompile Include="day7\day7.cpp">
      <Filter>day7</Filter>
    </ClCompile>
    <ClCompile Include="day8\day8.cpp">
      <Filter>day8</Filter>
    </ClCompile>
    <ClCompile Include="day8\Tree.cpp">
      <Filter>day8</Filter>
    </ClCompile>
    <ClCompile Include="day9\day9.cpp">
      <Filter>day9</Filter>
    </ClCompile>
    <ClCompile Include="day9\Board.cpp">
      <Filter>day9</Filter>
    </ClCompile>
    <ClCompile Include="day10\day10.cpp">
      <Filter>day10</Filter>
    </ClCompile>
    <ClCompile Include="day11\day11.cpp">
      <Filter>day11</Filter>
    </ClCompile>
    <ClCompile Include="day12\day12.cpp">
      <Filter>day12</Filter>
    </ClCompile>
    <ClCompile Include="day12\State.cpp">
      <Filter>day12</Filter>
    </ClCompile>
    <ClCompile Include="day12\Value.cpp">
      <Filter>day12</Filter>
    </ClCompile>
    <ClCompile Include="day13\day13.cpp">
      <Filter>day13</Filter>
    </ClCompile>
    <ClCompile Include="day13\Cell.cpp">
      <Filter>day13</Filter>
    </ClCompile>
    <ClCompile Include="day13\Car.cpp">
      <Filter>day13</Filter>
    </ClCompile>
    <ClCompile Include="day13\Tracks.cpp">
      <Filter>day13</Filter>
    </ClCompile>
    <ClCompile Include="day14\day14.cpp">
      <Filter>day14</Filter>
    </ClCompile>
    <ClCompile Include="day15\day15.cpp">
      <Filter>day15</Filter>
    </ClCompile>
    <ClCompile Include="day15\Actor.cpp">
      <Filter>day15</Filter>
    </ClCompile>
    <ClCompile Include="day15\Combat.cpp">
      <Filter>day15</Filter>
    </ClCompile>
    <ClCompile Include="day15\Tile.cpp">
      <Filter>day15</Filter>
    </ClCompile>
    <ClCompile Include="day15\RO.cpp">
      <Filter>day15</Filter>
    </ClCompile>
    <ClCompile Include="day16\day16.cpp">
      <Filter>day16</Filter>
    </ClCompile>
    <ClCompile Include="day16\CPU.cpp">
      <Filter>day16</Filter>
    </ClCompile>
    <ClCompile Include="day17\day17.cpp">
      <Filter>day17</Filter>
    </ClCompile>
    <ClCompile Include="day17\Terrain.cpp">
      <Filter>day17</Filter>
    </ClCompile>
  </ItemGroup>
  <ItemGroup>
    <Text Include="day1\input.txt">
      <Filter>day1</Filter>
    </Text>
    <Text Include="day2\input.txt">
      <Filter>day2</Filter>
    </Text>
    <Text Include="day3\input.txt">
      <Filter>day3</Filter>
    </Text>
    <Text Include="day4\input.txt">
      <Filter>day4</Filter>
    </Text>
    <Text Include="day5\input.txt">
      <Filter>day5</Filter>
    </Text>
    <Text Include="day6\input.txt">
      <Filter>day6</Filter>
    </Text>
    <Text Include="day7\input.txt">
      <Filter>day7</Filter>
    </Text>
    <Text Include="day8\input.txt">
      <Filter>day8</Filter>
    </Text>
    <Text Include="day9\input.txt">
      <Filter>day9</Filter>
    </Text>
    <Text Include="day9\tests.txt">
      <Filter>day9</Filter>
    </Text>
    <Text Include="day10\input.txt">
      <Filter>day10</Filter>
    </Text>
    <Text Include="day10\tests.txt">
      <Filter>day10</Filter>
    </Text>
    <Text Include="day12\input.txt">
      <Filter>day12</Filter>
    </Text>
    <Text Include="day13\input.txt">
      <Filter>day13</Filter>
    </Text>
    <Text Include="day13\tests.txt">
      <Filter>day13</Filter>
    </Text>
    <Text Include="day15\input.txt">
      <Filter>day15</Filter>
    </Text>
    <Text Include="day16\input.txt">
      <Filter>day16</Filter>
    </Text>
    <Text Include="day17\input.txt">
      <Filter>day17</Filter>
    </Text>
    <Text Include="day17\tests.txt">
      <Filter>day17</Filter>
    </Text>
  </ItemGroup>
</Project>