<?xml version="1.0" encoding="utf-8"?>
<Project ToolsVersion="4.0" xmlns="http://schemas.microsoft.com/developer/msbuild/2003">
  <ItemGroup>
    <Filter Include="base">
      <UniqueIdentifier>{033ee04b-ed8a-415f-ab16-2f493f92d47a}</UniqueIdentifier>
    </Filter>
    <Filter Include="day1">
      <UniqueIdentifier>{23011bff-92e0-46a9-848c-1f3eed8a0a94}</UniqueIdentifier>
    </Filter>
    <Filter Include="day2">
      <UniqueIdentifier>{f55732d8-b361-4339-83e9-054f2a995f2e}</UniqueIdentifier>
    </Filter>
    <Filter Include="day3">
      <UniqueIdentifier>{8e87a689-eee7-4718-8dec-b59e5eb58a03}</UniqueIdentifier>
    </Filter>
    <Filter Include="day4">
      <UniqueIdentifier>{b17a4e61-8736-4a63-9ac1-5bb094608d03}</UniqueIdentifier>
    </Filter>
    <Filter Include="day5">
      <UniqueIdentifier>{af23ea17-f697-406a-b0db-59b304f9cc68}</UniqueIdentifier>
    </Filter>
    <Filter Include="day6">
      <UniqueIdentifier>{441bb510-8054-43e2-97e6-1be901ede7f6}</UniqueIdentifier>
    </Filter>
  </ItemGroup>
  <ItemGroup>
    <ClInclude Include="base\AOCSolution.h">
      <Filter>base</Filter>
    </ClInclude>
    <ClInclude Include="day1\day1.h">
      <Filter>day1</Filter>
    </ClInclude>
    <ClInclude Include="day2\day2.h">
      <Filter>day2</Filter>
    </ClInclude>
    <ClInclude Include="day3\day3.h">
      <Filter>day3</Filter>
    </ClInclude>
    <ClInclude Include="day4\day4.h">
      <Filter>day4</Filter>
    </ClInclude>
    <ClInclude Include="day5\day5.h">
      <Filter>day5</Filter>
    </ClInclude>
    <ClInclude Include="day6\day6.h">
      <Filter>day6</Filter>
    </ClInclude>
    <ClInclude Include="day6\Grid.h">
      <Filter>day6</Filter>
    </ClInclude>
    <ClInclude Include="day6\Point.h">
      <Filter>day6</Filter>
    </ClInclude>
    <ClInclude Include="day6\QuadTree.h">
      <Filter>day6</Filter>
    </ClInclude>
  </ItemGroup>
  <ItemGroup>
    <ClCompile Include="advent-of-code-2018-cpp.cpp" />
    <ClCompile Include="base\AOCSolution.cpp">
      <Filter>base</Filter>
    </ClCompile>
    <ClCompile Include="day1\day1.cpp">
      <Filter>day1</Filter>
    </ClCompile>
    <ClCompile Include="day2\day2.cpp">
      <Filter>day2</Filter>
    </ClCompile>
    <ClCompile Include="day3\day3.cpp">
      <Filter>day3</Filter>
    </ClCompile>
    <ClCompile Include="day4\day4.cpp">
      <Filter>day4</Filter>
    </ClCompile>
    <ClCompile Include="day5\day5.cpp">
      <Filter>day5</Filter>
    </ClCompile>
    <ClCompile Include="day6\day6.cpp">
      <Filter>day6</Filter>
    </ClCompile>
    <ClCompile Include="day6\QuadTree.cpp">
      <Filter>day6</Filter>
    </ClCompile>
  </ItemGroup>
  <ItemGroup>
    <Text Include="day1\input.txt">
      <Filter>day1</Filter>
    </Text>
    <Text Include="day2\input.txt">
      <Filter>day2</Filter>
    </Text>
    <Text Include="day3\input.txt">
      <Filter>day3</Filter>
    </Text>
    <Text Include="day4\input.txt">
      <Filter>day4</Filter>
    </Text>
    <Text Include="day5\input.txt">
      <Filter>day5</Filter>
    </Text>
    <Text Include="day6\input.txt">
      <Filter>day6</Filter>
    </Text>
  </ItemGroup>
</Project>